
Microsoft Visual Studio Solution File, Format Version 12.00
# Visual Studio Version 16
VisualStudioVersion = 16.0.31402.337
MinimumVisualStudioVersion = 10.0.40219.1
Project("{9A19103F-16F7-4668-BE54-9A1E7A4F7556}") = "ObjectLibrary", "ObjectLibrary\ObjectLibrary.csproj", "{A1BD07A3-CF53-4A34-ABA0-DF3745CC78D6}"
EndProject
Project("{9A19103F-16F7-4668-BE54-9A1E7A4F7556}") = "FactoryPatternLibrary", "FactoryPatternLibrary\FactoryPatternLibrary.csproj", "{C8F4F0B6-1B7F-4973-98DE-25AE456C1906}"
EndProject
Project("{9A19103F-16F7-4668-BE54-9A1E7A4F7556}") = "RepositoryPatternLibrary", "RepositoryPatternLibrary\RepositoryPatternLibrary.csproj", "{1A36D32F-C44A-4149-85D7-FF1E71EA070C}"
EndProject
Project("{FAE04EC0-301F-11D3-BF4B-00C04F79EFBC}") = "ConsoleUIApp", "ConsoleUIApp\ConsoleUIApp.csproj", "{0914A4B2-1A5C-4988-99D4-39B8F8885BC6}"
EndProject
Global
	GlobalSection(SolutionConfigurationPlatforms) = preSolution
		Debug|Any CPU = Debug|Any CPU
		Release|Any CPU = Release|Any CPU
	EndGlobalSection
	GlobalSection(ProjectConfigurationPlatforms) = postSolution
		{A1BD07A3-CF53-4A34-ABA0-DF3745CC78D6}.Debug|Any CPU.ActiveCfg = Debug|Any CPU
		{A1BD07A3-CF53-4A34-ABA0-DF3745CC78D6}.Debug|Any CPU.Build.0 = Debug|Any CPU
		{A1BD07A3-CF53-4A34-ABA0-DF3745CC78D6}.Release|Any CPU.ActiveCfg = Release|Any CPU
		{A1BD07A3-CF53-4A34-ABA0-DF3745CC78D6}.Release|Any CPU.Build.0 = Release|Any CPU
		{C8F4F0B6-1B7F-4973-98DE-25AE456C1906}.Debug|Any CPU.ActiveCfg = Debug|Any CPU
		{C8F4F0B6-1B7F-4973-98DE-25AE456C1906}.Debug|Any CPU.Build.0 = Debug|Any CPU
		{C8F4F0B6-1B7F-4973-98DE-25AE456C1906}.Release|Any CPU.ActiveCfg = Release|Any CPU
		{C8F4F0B6-1B7F-4973-98DE-25AE456C1906}.Release|Any CPU.Build.0 = Release|Any CPU
		{1A36D32F-C44A-4149-85D7-FF1E71EA070C}.Debug|Any CPU.ActiveCfg = Debug|Any CPU
		{1A36D32F-C44A-4149-85D7-FF1E71EA070C}.Debug|Any CPU.Build.0 = Debug|Any CPU
		{1A36D32F-C44A-4149-85D7-FF1E71EA070C}.Release|Any CPU.ActiveCfg = Release|Any CPU
		{1A36D32F-C44A-4149-85D7-FF1E71EA070C}.Release|Any CPU.Build.0 = Release|Any CPU
		{0914A4B2-1A5C-4988-99D4-39B8F8885BC6}.Debug|Any CPU.ActiveCfg = Debug|Any CPU
		{0914A4B2-1A5C-4988-99D4-39B8F8885BC6}.Debug|Any CPU.Build.0 = Debug|Any CPU
		{0914A4B2-1A5C-4988-99D4-39B8F8885BC6}.Release|Any CPU.ActiveCfg = Release|Any CPU
		{0914A4B2-1A5C-4988-99D4-39B8F8885BC6}.Release|Any CPU.Build.0 = Release|Any CPU
	EndGlobalSection
	GlobalSection(SolutionProperties) = preSolution
		HideSolutionNode = FALSE
	EndGlobalSection
	GlobalSection(ExtensibilityGlobals) = postSolution
		SolutionGuid = {F9B34444-C1F3-4926-AFE4-39B1FDB8BB5F}
	EndGlobalSection
EndGlobal
